
Microsoft Visual Studio Solution File, Format Version 12.00
# Visual Studio Version 16
VisualStudioVersion = 16.0.29709.97
MinimumVisualStudioVersion = 10.0.40219.1
Project("{9A19103F-16F7-4668-BE54-9A1E7A4F7556}") = "Pandatheque.AuthorizedAction", "Pandatheque.AuthorizedAction\Pandatheque.AuthorizedAction.csproj", "{B2373390-7390-4863-B16A-672E63DA6E5D}"
EndProject
Project("{9A19103F-16F7-4668-BE54-9A1E7A4F7556}") = "Pandatheque.AuthorizedAction.TestWebApp", "Pandatheque.AuthorizedAction.TestWebApp\Pandatheque.AuthorizedAction.TestWebApp.csproj", "{7DF8F13C-A33E-4B35-8FBF-2286EAD81C2D}"
EndProject
Global
	GlobalSection(SolutionConfigurationPlatforms) = preSolution
		Debug|Any CPU = Debug|Any CPU
		Release|Any CPU = Release|Any CPU
	EndGlobalSection
	GlobalSection(ProjectConfigurationPlatforms) = postSolution
		{B2373390-7390-4863-B16A-672E63DA6E5D}.Debug|Any CPU.ActiveCfg = Debug|Any CPU
		{B2373390-7390-4863-B16A-672E63DA6E5D}.Debug|Any CPU.Build.0 = Debug|Any CPU
		{B2373390-7390-4863-B16A-672E63DA6E5D}.Release|Any CPU.ActiveCfg = Release|Any CPU
		{B2373390-7390-4863-B16A-672E63DA6E5D}.Release|Any CPU.Build.0 = Release|Any CPU
		{7DF8F13C-A33E-4B35-8FBF-2286EAD81C2D}.Debug|Any CPU.ActiveCfg = Debug|Any CPU
		{7DF8F13C-A33E-4B35-8FBF-2286EAD81C2D}.Debug|Any CPU.Build.0 = Debug|Any CPU
		{7DF8F13C-A33E-4B35-8FBF-2286EAD81C2D}.Release|Any CPU.ActiveCfg = Release|Any CPU
		{7DF8F13C-A33E-4B35-8FBF-2286EAD81C2D}.Release|Any CPU.Build.0 = Release|Any CPU
	EndGlobalSection
	GlobalSection(SolutionProperties) = preSolution
		HideSolutionNode = FALSE
	EndGlobalSection
	GlobalSection(ExtensibilityGlobals) = postSolution
		SolutionGuid = {87610203-5343-4636-9C27-8C3C37CA8671}
	EndGlobalSection
EndGlobal
